
Microsoft Visual Studio Solution File, Format Version 12.00
# Visual Studio 15
VisualStudioVersion = 15.0.28307.329
MinimumVisualStudioVersion = 10.0.40219.1
Project("{FAE04EC0-301F-11D3-BF4B-00C04F79EFBC}") = "estudosabado", "estudosabado\estudosabado.csproj", "{267F60C6-9E61-47A0-B919-20D80CA6530C}"
EndProject
Project("{9A19103F-16F7-4668-BE54-9A1E7A4F7556}") = "Infraestructure", "Infraestructure\Infraestructure.csproj", "{C6E8DBDD-C371-452C-BE9D-B4700559A4F3}"
EndProject
Project("{9A19103F-16F7-4668-BE54-9A1E7A4F7556}") = "Domain", "Domain\Domain.csproj", "{95F590B2-1BCD-4195-BD5C-45DDE40A96E1}"
EndProject
Global
	GlobalSection(SolutionConfigurationPlatforms) = preSolution
		Debug|Any CPU = Debug|Any CPU
		Release|Any CPU = Release|Any CPU
	EndGlobalSection
	GlobalSection(ProjectConfigurationPlatforms) = postSolution
		{267F60C6-9E61-47A0-B919-20D80CA6530C}.Debug|Any CPU.ActiveCfg = Debug|Any CPU
		{267F60C6-9E61-47A0-B919-20D80CA6530C}.Debug|Any CPU.Build.0 = Debug|Any CPU
		{267F60C6-9E61-47A0-B919-20D80CA6530C}.Release|Any CPU.ActiveCfg = Release|Any CPU
		{267F60C6-9E61-47A0-B919-20D80CA6530C}.Release|Any CPU.Build.0 = Release|Any CPU
		{C6E8DBDD-C371-452C-BE9D-B4700559A4F3}.Debug|Any CPU.ActiveCfg = Debug|Any CPU
		{C6E8DBDD-C371-452C-BE9D-B4700559A4F3}.Debug|Any CPU.Build.0 = Debug|Any CPU
		{C6E8DBDD-C371-452C-BE9D-B4700559A4F3}.Release|Any CPU.ActiveCfg = Release|Any CPU
		{C6E8DBDD-C371-452C-BE9D-B4700559A4F3}.Release|Any CPU.Build.0 = Release|Any CPU
		{95F590B2-1BCD-4195-BD5C-45DDE40A96E1}.Debug|Any CPU.ActiveCfg = Debug|Any CPU
		{95F590B2-1BCD-4195-BD5C-45DDE40A96E1}.Debug|Any CPU.Build.0 = Debug|Any CPU
		{95F590B2-1BCD-4195-BD5C-45DDE40A96E1}.Release|Any CPU.ActiveCfg = Release|Any CPU
		{95F590B2-1BCD-4195-BD5C-45DDE40A96E1}.Release|Any CPU.Build.0 = Release|Any CPU
	EndGlobalSection
	GlobalSection(SolutionProperties) = preSolution
		HideSolutionNode = FALSE
	EndGlobalSection
	GlobalSection(ExtensibilityGlobals) = postSolution
		SolutionGuid = {A3774E00-D64A-4A56-97F0-D20534FE314F}
	EndGlobalSection
EndGlobal
